
Microsoft Visual Studio Solution File, Format Version 12.00
# Visual Studio Version 17
VisualStudioVersion = 17.3.32901.215
MinimumVisualStudioVersion = 10.0.40219.1
Project("{FAE04EC0-301F-11D3-BF4B-00C04F79EFBC}") = "biblioteka", "biblioteka\biblioteka.csproj", "{DF7D1854-F8C6-4601-98CE-FAE4ACB60BB2}"
EndProject
Global
	GlobalSection(SolutionConfigurationPlatforms) = preSolution
		Debug|Any CPU = Debug|Any CPU
		Release|Any CPU = Release|Any CPU
	EndGlobalSection
	GlobalSection(ProjectConfigurationPlatforms) = postSolution
		{DF7D1854-F8C6-4601-98CE-FAE4ACB60BB2}.Debug|Any CPU.ActiveCfg = Debug|Any CPU
		{DF7D1854-F8C6-4601-98CE-FAE4ACB60BB2}.Debug|Any CPU.Build.0 = Debug|Any CPU
		{DF7D1854-F8C6-4601-98CE-FAE4ACB60BB2}.Release|Any CPU.ActiveCfg = Release|Any CPU
		{DF7D1854-F8C6-4601-98CE-FAE4ACB60BB2}.Release|Any CPU.Build.0 = Release|Any CPU
	EndGlobalSection
	GlobalSection(SolutionProperties) = preSolution
		HideSolutionNode = FALSE
	EndGlobalSection
	GlobalSection(ExtensibilityGlobals) = postSolution
		SolutionGuid = {8435EEAF-4C40-425C-B067-7B6AE9ABF9B9}
	EndGlobalSection
EndGlobal
